<?xml version="1.0" encoding="utf-8"?>
<Project ToolsVersion="4.0" xmlns="http://schemas.microsoft.com/developer/msbuild/2003">
  <ItemGroup>
    <Filter Include="Scripts">
      <UniqueIdentifier>{4FC737F1-C7A5-4376-A066-2A32D752A2FF}</UniqueIdentifier>
      <Extensions>cpp;c;cc;cxx;def;odl;idl;hpj;bat;asm;asmx</Extensions>
    </Filter>
    <Filter Include="Main Ressources">
      <UniqueIdentifier>{67DA6AB6-F800-4c08-8B7A-83BB121AAD01}</UniqueIdentifier>
      <Extensions>rc;ico;cur;bmp;dlg;rc2;rct;bin;rgs;gif;jpg;jpeg;jpe;resx;tiff;tif;png;wav</Extensions>
    </Filter>
    <Filter Include="Main Ressources\Base Class">
      <UniqueIdentifier>{997c5034-b31a-47c0-bc9a-0733a3e6114f}</UniqueIdentifier>
    </Filter>
    <Filter Include="Main Ressources\Setup">
      <UniqueIdentifier>{9ce59daf-8d77-45dc-8748-3b97514c6783}</UniqueIdentifier>
    </Filter>
  </ItemGroup>
  <ItemGroup>
    <ClCompile Include="..\src\EventScripts\Event_Halloween.cpp">
      <Filter>Scripts</Filter>
    </ClCompile>
    <ClCompile Include="..\src\EventScripts\Event_WinterVeil.cpp">
      <Filter>Scripts</Filter>
    </ClCompile>
    <ClCompile Include="..\src\Common\Base.cpp">
      <Filter>Main Ressources\Base Class</Filter>
    </ClCompile>
    <ClCompile Include="..\src\EventScripts\Setup.cpp">
      <Filter>Main Ressources\Setup</Filter>
    </ClCompile>
  </ItemGroup>
  <ItemGroup>
    <ClInclude Include="..\src\Common\Base.h">
      <Filter>Main Ressources\Base Class</Filter>
    </ClInclude>
    <ClInclude Include="..\src\EventScripts\Setup.h">
      <Filter>Main Ressources\Setup</Filter>
    </ClInclude>
  </ItemGroup>
</Project>