<?xml version="1.0" encoding="utf-8"?>
<Project ToolsVersion="4.0" xmlns="http://schemas.microsoft.com/developer/msbuild/2003">
  <ItemGroup>
    <Filter Include="Functions">
      <UniqueIdentifier>{ee6b7dce-f12c-4568-bd8e-6cf376321968}</UniqueIdentifier>
    </Filter>
    <Filter Include="MainEngine">
      <UniqueIdentifier>{5da1cc86-c637-449c-8ce5-3ad1e670aff4}</UniqueIdentifier>
    </Filter>
  </ItemGroup>
  <ItemGroup>
    <ClCompile Include="..\src\LuaEngine\LUAEngine.cpp">
      <Filter>MainEngine</Filter>
    </ClCompile>
  </ItemGroup>
  <ItemGroup>
    <ClInclude Include="..\src\LuaEngine\FunctionTables.h">
      <Filter>Functions</Filter>
    </ClInclude>
    <ClInclude Include="..\src\LuaEngine\GameobjectFunctions.h">
      <Filter>Functions</Filter>
    </ClInclude>
    <ClInclude Include="..\src\LuaEngine\GlobalFunctions.h">
      <Filter>Functions</Filter>
    </ClInclude>
    <ClInclude Include="..\src\LuaEngine\ItemFunctions.h">
      <Filter>Functions</Filter>
    </ClInclude>
    <ClInclude Include="..\src\LuaEngine\LuaSqlApi.h">
      <Filter>Functions</Filter>
    </ClInclude>
    <ClInclude Include="..\src\LuaEngine\PacketFunctions.h">
      <Filter>Functions</Filter>
    </ClInclude>
    <ClInclude Include="..\src\LuaEngine\SpellFunctions.h">
      <Filter>Functions</Filter>
    </ClInclude>
    <ClInclude Include="..\src\LuaEngine\TaxiFunctions.h">
      <Filter>Functions</Filter>
    </ClInclude>
    <ClInclude Include="..\src\LuaEngine\UnitFunctions.h">
      <Filter>Functions</Filter>
    </ClInclude>
    <ClInclude Include="..\src\LuaEngine\LUAEngine.h">
      <Filter>MainEngine</Filter>
    </ClInclude>
    <ClInclude Include="..\src\LuaEngine\LUAFunctions.h">
      <Filter>MainEngine</Filter>
    </ClInclude>
  </ItemGroup>
</Project>