<?xml version="1.0" encoding="utf-8"?>
<Project ToolsVersion="4.0" xmlns="http://schemas.microsoft.com/developer/msbuild/2003">
  <ItemGroup>
    <Filter Include="engine">
      <UniqueIdentifier>{4dd9798e-ac6f-453f-be36-8d91d46f595a}</UniqueIdentifier>
    </Filter>
    <Filter Include="function_headers">
      <UniqueIdentifier>{e2114bda-6f82-490b-9955-58a70d0f7ef4}</UniqueIdentifier>
    </Filter>
    <Filter Include="luabridge">
      <UniqueIdentifier>{476335d1-68cc-42d8-82f6-aabeb80be56b}</UniqueIdentifier>
    </Filter>
    <Filter Include="luabridge\impl">
      <UniqueIdentifier>{19f13c0b-7aa7-43f8-bdbf-bb972e6d27e3}</UniqueIdentifier>
    </Filter>
    <Filter Include="lua_src">
      <UniqueIdentifier>{26144604-a64c-4dda-b1d5-1e7f50ca6d66}</UniqueIdentifier>
    </Filter>
  </ItemGroup>
  <ItemGroup>
    <ClCompile Include="..\src\luabridge\LUAEngine.cpp">
      <Filter>engine</Filter>
    </ClCompile>
    <ClCompile Include="..\src\luabridge\lua_bridge\luabridge.cpp">
      <Filter>luabridge</Filter>
    </ClCompile>
    <ClCompile Include="..\src\luabridge\lua\lapi.c">
      <Filter>lua_src</Filter>
    </ClCompile>
    <ClCompile Include="..\src\luabridge\lua\lauxlib.c">
      <Filter>lua_src</Filter>
    </ClCompile>
    <ClCompile Include="..\src\luabridge\lua\lbaselib.c">
      <Filter>lua_src</Filter>
    </ClCompile>
    <ClCompile Include="..\src\luabridge\lua\lcode.c">
      <Filter>lua_src</Filter>
    </ClCompile>
    <ClCompile Include="..\src\luabridge\lua\ldblib.c">
      <Filter>lua_src</Filter>
    </ClCompile>
    <ClCompile Include="..\src\luabridge\lua\ldebug.c">
      <Filter>lua_src</Filter>
    </ClCompile>
    <ClCompile Include="..\src\luabridge\lua\ldo.c">
      <Filter>lua_src</Filter>
    </ClCompile>
    <ClCompile Include="..\src\luabridge\lua\ldump.c">
      <Filter>lua_src</Filter>
    </ClCompile>
    <ClCompile Include="..\src\luabridge\lua\lfunc.c">
      <Filter>lua_src</Filter>
    </ClCompile>
    <ClCompile Include="..\src\luabridge\lua\lgc.c">
      <Filter>lua_src</Filter>
    </ClCompile>
    <ClCompile Include="..\src\luabridge\lua\linit.c">
      <Filter>lua_src</Filter>
    </ClCompile>
    <ClCompile Include="..\src\luabridge\lua\liolib.c">
      <Filter>lua_src</Filter>
    </ClCompile>
    <ClCompile Include="..\src\luabridge\lua\llex.c">
      <Filter>lua_src</Filter>
    </ClCompile>
    <ClCompile Include="..\src\luabridge\lua\lmathlib.c">
      <Filter>lua_src</Filter>
    </ClCompile>
    <ClCompile Include="..\src\luabridge\lua\lmem.c">
      <Filter>lua_src</Filter>
    </ClCompile>
    <ClCompile Include="..\src\luabridge\lua\loadlib.c">
      <Filter>lua_src</Filter>
    </ClCompile>
    <ClCompile Include="..\src\luabridge\lua\lobject.c">
      <Filter>lua_src</Filter>
    </ClCompile>
    <ClCompile Include="..\src\luabridge\lua\lopcodes.c">
      <Filter>lua_src</Filter>
    </ClCompile>
    <ClCompile Include="..\src\luabridge\lua\loslib.c">
      <Filter>lua_src</Filter>
    </ClCompile>
    <ClCompile Include="..\src\luabridge\lua\lparser.c">
      <Filter>lua_src</Filter>
    </ClCompile>
    <ClCompile Include="..\src\luabridge\lua\lstate.c">
      <Filter>lua_src</Filter>
    </ClCompile>
    <ClCompile Include="..\src\luabridge\lua\lstring.c">
      <Filter>lua_src</Filter>
    </ClCompile>
    <ClCompile Include="..\src\luabridge\lua\lstrlib.c">
      <Filter>lua_src</Filter>
    </ClCompile>
    <ClCompile Include="..\src\luabridge\lua\ltable.c">
      <Filter>lua_src</Filter>
    </ClCompile>
    <ClCompile Include="..\src\luabridge\lua\ltablib.c">
      <Filter>lua_src</Filter>
    </ClCompile>
    <ClCompile Include="..\src\luabridge\lua\ltm.c">
      <Filter>lua_src</Filter>
    </ClCompile>
    <ClCompile Include="..\src\luabridge\lua\lua.c">
      <Filter>lua_src</Filter>
    </ClCompile>
    <ClCompile Include="..\src\luabridge\lua\lundump.c">
      <Filter>lua_src</Filter>
    </ClCompile>
    <ClCompile Include="..\src\luabridge\lua\lvm.c">
      <Filter>lua_src</Filter>
    </ClCompile>
    <ClCompile Include="..\src\luabridge\lua\lzio.c">
      <Filter>lua_src</Filter>
    </ClCompile>
    <ClCompile Include="..\src\luabridge\lua\print.c">
      <Filter>lua_src</Filter>
    </ClCompile>
  </ItemGroup>
  <ItemGroup>
    <ClInclude Include="..\src\luabridge\lua_defs.h">
      <Filter>engine</Filter>
    </ClInclude>
    <ClInclude Include="..\src\luabridge\lua_instance.h">
      <Filter>engine</Filter>
    </ClInclude>
    <ClInclude Include="..\src\luabridge\LUAEngine.h">
      <Filter>engine</Filter>
    </ClInclude>
    <ClInclude Include="..\src\luabridge\aura_functions.h">
      <Filter>function_headers</Filter>
    </ClInclude>
    <ClInclude Include="..\src\luabridge\creature_functions.h">
      <Filter>function_headers</Filter>
    </ClInclude>
    <ClInclude Include="..\src\luabridge\gameobject_functions.h">
      <Filter>function_headers</Filter>
    </ClInclude>
    <ClInclude Include="..\src\luabridge\global_functions.h">
      <Filter>function_headers</Filter>
    </ClInclude>
    <ClInclude Include="..\src\luabridge\GlobalFunctions.h">
      <Filter>function_headers</Filter>
    </ClInclude>
    <ClInclude Include="..\src\luabridge\instance_functions.h">
      <Filter>function_headers</Filter>
    </ClInclude>
    <ClInclude Include="..\src\luabridge\item_functions.h">
      <Filter>function_headers</Filter>
    </ClInclude>
    <ClInclude Include="..\src\luabridge\lua_hooks.h">
      <Filter>function_headers</Filter>
    </ClInclude>
    <ClInclude Include="..\src\luabridge\object_functions.h">
      <Filter>function_headers</Filter>
    </ClInclude>
    <ClInclude Include="..\src\luabridge\packet_functions.h">
      <Filter>function_headers</Filter>
    </ClInclude>
    <ClInclude Include="..\src\luabridge\player_functions.h">
      <Filter>function_headers</Filter>
    </ClInclude>
    <ClInclude Include="..\src\luabridge\quest_functions.h">
      <Filter>function_headers</Filter>
    </ClInclude>
    <ClInclude Include="..\src\luabridge\register_functions.h">
      <Filter>function_headers</Filter>
    </ClInclude>
    <ClInclude Include="..\src\luabridge\spell_functions.h">
      <Filter>function_headers</Filter>
    </ClInclude>
    <ClInclude Include="..\src\luabridge\sql_functions.h">
      <Filter>function_headers</Filter>
    </ClInclude>
    <ClInclude Include="..\src\luabridge\taxi_functions.h">
      <Filter>function_headers</Filter>
    </ClInclude>
    <ClInclude Include="..\src\luabridge\unit_functions.h">
      <Filter>function_headers</Filter>
    </ClInclude>
    <ClInclude Include="..\src\luabridge\lua_bridge\luabridge.hpp">
      <Filter>luabridge</Filter>
    </ClInclude>
    <ClInclude Include="..\src\luabridge\lua_bridge\impl\class.hpp">
      <Filter>luabridge\impl</Filter>
    </ClInclude>
    <ClInclude Include="..\src\luabridge\lua_bridge\impl\module.hpp">
      <Filter>luabridge\impl</Filter>
    </ClInclude>
    <ClInclude Include="..\src\luabridge\lua_bridge\impl\stack.hpp">
      <Filter>luabridge\impl</Filter>
    </ClInclude>
    <ClInclude Include="..\src\luabridge\lua_bridge\impl\typelist.hpp">
      <Filter>luabridge\impl</Filter>
    </ClInclude>
    <ClInclude Include="..\src\luabridge\lua\lapi.h">
      <Filter>lua_src</Filter>
    </ClInclude>
    <ClInclude Include="..\src\luabridge\lua\lauxlib.h">
      <Filter>lua_src</Filter>
    </ClInclude>
    <ClInclude Include="..\src\luabridge\lua\lcode.h">
      <Filter>lua_src</Filter>
    </ClInclude>
    <ClInclude Include="..\src\luabridge\lua\ldebug.h">
      <Filter>lua_src</Filter>
    </ClInclude>
    <ClInclude Include="..\src\luabridge\lua\ldo.h">
      <Filter>lua_src</Filter>
    </ClInclude>
    <ClInclude Include="..\src\luabridge\lua\lfunc.h">
      <Filter>lua_src</Filter>
    </ClInclude>
    <ClInclude Include="..\src\luabridge\lua\lgc.h">
      <Filter>lua_src</Filter>
    </ClInclude>
    <ClInclude Include="..\src\luabridge\lua\llex.h">
      <Filter>lua_src</Filter>
    </ClInclude>
    <ClInclude Include="..\src\luabridge\lua\llimits.h">
      <Filter>lua_src</Filter>
    </ClInclude>
    <ClInclude Include="..\src\luabridge\lua\lmem.h">
      <Filter>lua_src</Filter>
    </ClInclude>
    <ClInclude Include="..\src\luabridge\lua\lobject.h">
      <Filter>lua_src</Filter>
    </ClInclude>
    <ClInclude Include="..\src\luabridge\lua\lopcodes.h">
      <Filter>lua_src</Filter>
    </ClInclude>
    <ClInclude Include="..\src\luabridge\lua\lparser.h">
      <Filter>lua_src</Filter>
    </ClInclude>
    <ClInclude Include="..\src\luabridge\lua\lstate.h">
      <Filter>lua_src</Filter>
    </ClInclude>
    <ClInclude Include="..\src\luabridge\lua\lstring.h">
      <Filter>lua_src</Filter>
    </ClInclude>
    <ClInclude Include="..\src\luabridge\lua\ltable.h">
      <Filter>lua_src</Filter>
    </ClInclude>
    <ClInclude Include="..\src\luabridge\lua\ltm.h">
      <Filter>lua_src</Filter>
    </ClInclude>
    <ClInclude Include="..\src\luabridge\lua\lua.h">
      <Filter>lua_src</Filter>
    </ClInclude>
    <ClInclude Include="..\src\luabridge\lua\luaconf.h">
      <Filter>lua_src</Filter>
    </ClInclude>
    <ClInclude Include="..\src\luabridge\lua\lualib.h">
      <Filter>lua_src</Filter>
    </ClInclude>
    <ClInclude Include="..\src\luabridge\lua\lundump.h">
      <Filter>lua_src</Filter>
    </ClInclude>
    <ClInclude Include="..\src\luabridge\lua\lvm.h">
      <Filter>lua_src</Filter>
    </ClInclude>
    <ClInclude Include="..\src\luabridge\lua\lzio.h">
      <Filter>lua_src</Filter>
    </ClInclude>
  </ItemGroup>
</Project>