<?xml version="1.0" encoding="utf-8"?>
<Project ToolsVersion="4.0" xmlns="http://schemas.microsoft.com/developer/msbuild/2003">
  <ItemGroup>
    <Filter Include="Main Resources">
      <UniqueIdentifier>{4FC737F1-C7A5-4376-A066-2A32D752A2FF}</UniqueIdentifier>
      <Extensions>cpp;c;cxx;def;odl;idl;hpj;bat;asm;asmx</Extensions>
    </Filter>
    <Filter Include="Scripts">
      <UniqueIdentifier>{93995380-89BD-4b04-88EB-625FBE52EBFB}</UniqueIdentifier>
      <Extensions>h;hpp;hxx;hm;inl;inc;xsd</Extensions>
    </Filter>
    <Filter Include="Main Resources\Base Classes">
      <UniqueIdentifier>{54075586-7d11-4d18-9952-5aca426bbfa6}</UniqueIdentifier>
    </Filter>
    <Filter Include="Main Resources\Setup">
      <UniqueIdentifier>{aec08b73-d591-420b-8d4f-7b07de5feff2}</UniqueIdentifier>
    </Filter>
  </ItemGroup>
  <ItemGroup>
    <ClCompile Include="..\src\MiscScripts\Creatures.cpp">
      <Filter>Scripts</Filter>
    </ClCompile>
    <ClCompile Include="..\src\MiscScripts\DarkmoonFaireObjects.cpp">
      <Filter>Scripts</Filter>
    </ClCompile>
    <ClCompile Include="..\src\MiscScripts\GameObjects.cpp">
      <Filter>Scripts</Filter>
    </ClCompile>
    <ClCompile Include="..\src\MiscScripts\GameObjectTeleportTable.cpp">
      <Filter>Scripts</Filter>
    </ClCompile>
    <ClCompile Include="..\src\MiscScripts\RandomScripts.cpp">
      <Filter>Scripts</Filter>
    </ClCompile>
    <ClCompile Include="..\src\MiscScripts\Setup.cpp">
      <Filter>Main Resources\Setup</Filter>
    </ClCompile>
  </ItemGroup>
  <ItemGroup>
    <ClInclude Include="..\src\MiscScripts\Setup.h">
      <Filter>Main Resources\Setup</Filter>
    </ClInclude>
    <ClInclude Include="..\src\Common\EasyFunctions.h">
      <Filter>Main Resources\Base Classes</Filter>
    </ClInclude>
  </ItemGroup>
</Project>