<?xml version="1.0" encoding="utf-8"?>
<Project ToolsVersion="4.0" xmlns="http://schemas.microsoft.com/developer/msbuild/2003">
  <ItemGroup>
    <Filter Include="Main Resources">
      <UniqueIdentifier>{4FC737F1-C7A5-4376-A066-2A32D752A2FF}</UniqueIdentifier>
      <Extensions>cpp;c;cxx;def;odl;idl;hpj;bat;asm;asmx</Extensions>
    </Filter>
    <Filter Include="Scripts">
      <UniqueIdentifier>{93995380-89BD-4b04-88EB-625FBE52EBFB}</UniqueIdentifier>
      <Extensions>h;hpp;hxx;hm;inl;inc;xsd</Extensions>
    </Filter>
  </ItemGroup>
  <ItemGroup>
    <ClCompile Include="..\src\SpellHandlers\Setup.cpp">
      <Filter>Main Resources</Filter>
    </ClCompile>
    <ClCompile Include="..\src\SpellHandlers\DeathKnightSpells.cpp">
      <Filter>Scripts</Filter>
    </ClCompile>
    <ClCompile Include="..\src\SpellHandlers\DruidSpells.cpp">
      <Filter>Scripts</Filter>
    </ClCompile>
    <ClCompile Include="..\src\SpellHandlers\HunterSpells.cpp">
      <Filter>Scripts</Filter>
    </ClCompile>
    <ClCompile Include="..\src\SpellHandlers\ItemSpells_1.cpp">
      <Filter>Scripts</Filter>
    </ClCompile>
    <ClCompile Include="..\src\SpellHandlers\MageSpells.cpp">
      <Filter>Scripts</Filter>
    </ClCompile>
    <ClCompile Include="..\src\SpellHandlers\PaladinSpells.cpp">
      <Filter>Scripts</Filter>
    </ClCompile>
    <ClCompile Include="..\src\SpellHandlers\PetAISpells.cpp">
      <Filter>Scripts</Filter>
    </ClCompile>
    <ClCompile Include="..\src\SpellHandlers\PriestSpells.cpp">
      <Filter>Scripts</Filter>
    </ClCompile>
    <ClCompile Include="..\src\SpellHandlers\QIspells.cpp">
      <Filter>Scripts</Filter>
    </ClCompile>
    <ClCompile Include="..\src\SpellHandlers\RogueSpells.cpp">
      <Filter>Scripts</Filter>
    </ClCompile>
    <ClCompile Include="..\src\SpellHandlers\ShamanSpells.cpp">
      <Filter>Scripts</Filter>
    </ClCompile>
    <ClCompile Include="..\src\SpellHandlers\WarlockSpells.cpp">
      <Filter>Scripts</Filter>
    </ClCompile>
    <ClCompile Include="..\src\SpellHandlers\WarriorSpells.cpp">
      <Filter>Scripts</Filter>
    </ClCompile>
  </ItemGroup>
  <ItemGroup>
    <ClInclude Include="..\src\SpellHandlers\Setup.h">
      <Filter>Main Resources</Filter>
    </ClInclude>
  </ItemGroup>
</Project>