
Microsoft Visual Studio Solution File, Format Version 10.00
# Visual Studio 2008
Project("{8BC9CEB8-8B4A-11D0-8D11-00A0C91BC942}") = "MoonTournamentScripts", "projects\TournamentScripts2008.vcproj", "{D347F074-C804-4179-9956-E5617FC3CFE8}"
EndProject
Global
	GlobalSection(SolutionConfigurationPlatforms) = preSolution
		Debug|Win32 = Debug|Win32
		Release|Win32 = Release|Win32
	EndGlobalSection
	GlobalSection(ProjectConfigurationPlatforms) = postSolution
		{D347F074-C804-4179-9956-E5617FC3CFE8}.Debug|Win32.ActiveCfg = Debug|Win32
		{D347F074-C804-4179-9956-E5617FC3CFE8}.Release|Win32.ActiveCfg = Release|Win32
	EndGlobalSection
	GlobalSection(SolutionProperties) = preSolution
		HideSolutionNode = FALSE
	EndGlobalSection
EndGlobal
