<?xml version="1.0" encoding="utf-8"?>
<Project ToolsVersion="4.0" xmlns="http://schemas.microsoft.com/developer/msbuild/2003">
  <ItemGroup>
    <Filter Include="sources">
      <UniqueIdentifier>{97cc6d0a-2a9a-4e1e-9160-fa634e2cd28c}</UniqueIdentifier>
    </Filter>
    <Filter Include="from ascent">
      <UniqueIdentifier>{534eb6bb-8246-4f82-8378-3236f63b7302}</UniqueIdentifier>
    </Filter>
  </ItemGroup>
  <ItemGroup>
    <ClInclude Include="src\defines.h">
      <Filter>sources</Filter>
    </ClInclude>
    <ClInclude Include="..\..\src\arcemu-shared\Database\dbcfile.h">
      <Filter>from ascent</Filter>
    </ClInclude>
  </ItemGroup>
  <ItemGroup>
    <ClCompile Include="src\main.cpp">
      <Filter>sources</Filter>
    </ClCompile>
    <ClCompile Include="..\..\src\arcemu-shared\Database\dbcfile.cpp">
      <Filter>from ascent</Filter>
    </ClCompile>
  </ItemGroup>
</Project>