<?xml version="1.0" encoding="utf-8"?>
<Project ToolsVersion="4.0" xmlns="http://schemas.microsoft.com/developer/msbuild/2003">
  <ItemGroup>
    <Filter Include="Chat, Channel, WayPoints">
      <UniqueIdentifier>{969d9955-6057-482f-8f91-b098a80ecb4b}</UniqueIdentifier>
    </Filter>
    <Filter Include="CreatureAI">
      <UniqueIdentifier>{8c7e5a13-de2d-431b-a764-3cd3a84e9f4d}</UniqueIdentifier>
    </Filter>
    <Filter Include="Database, Storage">
      <UniqueIdentifier>{6bf73442-ecac-46cb-a798-20bc21574c90}</UniqueIdentifier>
    </Filter>
    <Filter Include="EventableObject">
      <UniqueIdentifier>{ef48e784-3410-4d3c-9409-a664b5c16a8b}</UniqueIdentifier>
    </Filter>
    <Filter Include="EventableObject\Object">
      <UniqueIdentifier>{1ccf6b15-1f07-4532-92b4-5b7951a0ea1d}</UniqueIdentifier>
    </Filter>
    <Filter Include="EventableObject\Object\Unit">
      <UniqueIdentifier>{2a646ced-9953-4520-949e-3b3f00d92ca5}</UniqueIdentifier>
    </Filter>
    <Filter Include="EventableObject\Object\Unit\Player">
      <UniqueIdentifier>{ea767199-609d-499f-83fa-a689da4f127e}</UniqueIdentifier>
    </Filter>
    <Filter Include="EventableObject\Object\Unit\Creature">
      <UniqueIdentifier>{d1a156ff-d203-460b-8f9e-7b7f6105e708}</UniqueIdentifier>
    </Filter>
    <Filter Include="EventableObject\Object\Corpse">
      <UniqueIdentifier>{3e983013-af89-421c-b67a-97b68db256dc}</UniqueIdentifier>
    </Filter>
    <Filter Include="EventableObject\Object\DynamicObject">
      <UniqueIdentifier>{1f635ffd-09dd-4678-b427-12ed261ff547}</UniqueIdentifier>
    </Filter>
    <Filter Include="EventableObject\Object\GameObject, Transporter">
      <UniqueIdentifier>{199032a1-f935-4d94-af49-1af8d7e3a96b}</UniqueIdentifier>
    </Filter>
    <Filter Include="EventableObject\Object\Item">
      <UniqueIdentifier>{737ec098-d621-4de5-beb6-4091a6977982}</UniqueIdentifier>
    </Filter>
    <Filter Include="EventableObject\Object\ObjectContainer">
      <UniqueIdentifier>{295b285a-b3e2-4638-956a-5823ccb195c1}</UniqueIdentifier>
    </Filter>
    <Filter Include="EventableObject\Aura">
      <UniqueIdentifier>{7a2fed77-c0dd-4610-a42b-05a80bb21984}</UniqueIdentifier>
    </Filter>
    <Filter Include="EventableObject\CBattlegrounds, CBattlegroundManager">
      <UniqueIdentifier>{297da868-8ad8-4e20-bbad-d61bbb4ce9f3}</UniqueIdentifier>
    </Filter>
    <Filter Include="EventableObject\CBattlegrounds, CBattlegroundManager\Arena">
      <UniqueIdentifier>{3be81f2f-93ec-4d8e-8119-c2f5c10bf5e7}</UniqueIdentifier>
    </Filter>
    <Filter Include="EventableObject\LfgMgr">
      <UniqueIdentifier>{4575a500-1d07-4aa1-adf5-41a8e29ff979}</UniqueIdentifier>
    </Filter>
    <Filter Include="EventableObject\LootRoll">
      <UniqueIdentifier>{d52d74e7-91e8-4b84-97eb-b5cfd87a8dd1}</UniqueIdentifier>
    </Filter>
    <Filter Include="EventableObject\MailSystem">
      <UniqueIdentifier>{138af358-13be-4abb-bdc4-afb941b56c21}</UniqueIdentifier>
    </Filter>
    <Filter Include="EventableObject\MapMgr">
      <UniqueIdentifier>{b4b6ea4c-cfed-43c6-9bfe-e738c2d78499}</UniqueIdentifier>
    </Filter>
    <Filter Include="EventableObject\ObjectMgr">
      <UniqueIdentifier>{ca320b2d-7248-4349-a8f1-5b9e7278906c}</UniqueIdentifier>
    </Filter>
    <Filter Include="EventableObject\QuestLogEntry">
      <UniqueIdentifier>{bf2ccb12-17ad-4ffe-80d6-08a7f262280c}</UniqueIdentifier>
    </Filter>
    <Filter Include="EventableObject\WeatherInfo">
      <UniqueIdentifier>{05651897-7b62-4279-9a55-5aaabc0c1f1b}</UniqueIdentifier>
    </Filter>
    <Filter Include="EventableObject\World">
      <UniqueIdentifier>{b8221b9e-2404-46bf-b6e3-4cc910ceb2c1}</UniqueIdentifier>
    </Filter>
    <Filter Include="Launcher">
      <UniqueIdentifier>{0db32341-34b6-4ab4-ad34-7d1627ae026c}</UniqueIdentifier>
    </Filter>
    <Filter Include="Launcher\Console">
      <UniqueIdentifier>{35fa3977-5b44-4f31-a5e4-b91ea03a6406}</UniqueIdentifier>
    </Filter>
    <Filter Include="Manager Classes">
      <UniqueIdentifier>{7b70dda4-4f6e-4ee2-a8a7-a80c671b4856}</UniqueIdentifier>
    </Filter>
    <Filter Include="Manager Classes\AuctionHouse">
      <UniqueIdentifier>{87007504-b87b-456d-9eeb-ec22679638b4}</UniqueIdentifier>
    </Filter>
    <Filter Include="Networking, Handlers">
      <UniqueIdentifier>{04521853-d95f-4a5a-8909-46b2d698b732}</UniqueIdentifier>
    </Filter>
    <Filter Include="Networking, Handlers\LogonComm">
      <UniqueIdentifier>{518f6b03-2a73-4c7b-afc1-998ae7435dcc}</UniqueIdentifier>
    </Filter>
    <Filter Include="Networking, Handlers\Handlers">
      <UniqueIdentifier>{43eaf1c0-d1b1-4ee8-89f6-82a7ef590316}</UniqueIdentifier>
    </Filter>
    <Filter Include="Networking, Handlers\WorldSession">
      <UniqueIdentifier>{843a6326-4207-49c3-91ce-c1afe75c5924}</UniqueIdentifier>
    </Filter>
    <Filter Include="Spells">
      <UniqueIdentifier>{fabab0be-9491-4852-86a6-8af8e361207b}</UniqueIdentifier>
    </Filter>
    <Filter Include="Threading">
      <UniqueIdentifier>{1272305c-7009-442f-91e6-5b25c1205a7f}</UniqueIdentifier>
    </Filter>
    <Filter Include="GM Commands">
      <UniqueIdentifier>{6e8c207c-a648-49a1-9183-1d109bc3bbdd}</UniqueIdentifier>
    </Filter>
  </ItemGroup>
  <ItemGroup>
    <ClCompile Include="..\..\src\arcemu-world\Channel.cpp">
      <Filter>Chat, Channel, WayPoints</Filter>
    </ClCompile>
    <ClCompile Include="..\..\src\arcemu-world\Chat.cpp">
      <Filter>Chat, Channel, WayPoints</Filter>
    </ClCompile>
    <ClCompile Include="..\..\src\arcemu-world\WayPoints.cpp">
      <Filter>Chat, Channel, WayPoints</Filter>
    </ClCompile>
    <ClCompile Include="..\..\src\arcemu-world\WordFilter.cpp">
      <Filter>Chat, Channel, WayPoints</Filter>
    </ClCompile>
    <ClCompile Include="..\..\src\arcemu-world\AIInterface.cpp">
      <Filter>CreatureAI</Filter>
    </ClCompile>
    <ClCompile Include="..\..\src\arcemu-world\DatabaseCleaner.cpp">
      <Filter>Database, Storage</Filter>
    </ClCompile>
    <ClCompile Include="..\..\src\arcemu-world\ObjectStorage.cpp">
      <Filter>Database, Storage</Filter>
    </ClCompile>
    <ClCompile Include="..\..\src\arcemu-world\EventableObject.cpp">
      <Filter>EventableObject</Filter>
    </ClCompile>
    <ClCompile Include="..\..\src\arcemu-world\Object.cpp">
      <Filter>EventableObject\Object</Filter>
    </ClCompile>
    <ClCompile Include="..\..\src\arcemu-world\Stats.cpp">
      <Filter>EventableObject\Object\Unit</Filter>
    </ClCompile>
    <ClCompile Include="..\..\src\arcemu-world\Unit.cpp">
      <Filter>EventableObject\Object\Unit</Filter>
    </ClCompile>
    <ClCompile Include="..\..\src\arcemu-world\Group.cpp">
      <Filter>EventableObject\Object\Unit\Player</Filter>
    </ClCompile>
    <ClCompile Include="..\..\src\arcemu-world\Guild.cpp">
      <Filter>EventableObject\Object\Unit\Player</Filter>
    </ClCompile>
    <ClCompile Include="..\..\src\arcemu-world\Player.cpp">
      <Filter>EventableObject\Object\Unit\Player</Filter>
    </ClCompile>
    <ClCompile Include="..\..\src\arcemu-world\PlayerPacketWrapper.cpp">
      <Filter>EventableObject\Object\Unit\Player</Filter>
    </ClCompile>
    <ClCompile Include="..\..\src\arcemu-world\SpeedDetector.cpp">
      <Filter>EventableObject\Object\Unit\Player</Filter>
    </ClCompile>
    <ClCompile Include="..\..\src\arcemu-world\Creature.cpp">
      <Filter>EventableObject\Object\Unit\Creature</Filter>
    </ClCompile>
    <ClCompile Include="..\..\src\arcemu-world\Pet.cpp">
      <Filter>EventableObject\Object\Unit\Creature</Filter>
    </ClCompile>
    <ClCompile Include="..\..\src\arcemu-world\Vehicle.cpp">
      <Filter>EventableObject\Object\Unit\Creature</Filter>
    </ClCompile>
    <ClCompile Include="..\..\src\arcemu-world\Corpse.cpp">
      <Filter>EventableObject\Object\Corpse</Filter>
    </ClCompile>
    <ClCompile Include="..\..\src\arcemu-world\DynamicObject.cpp">
      <Filter>EventableObject\Object\DynamicObject</Filter>
    </ClCompile>
    <ClCompile Include="..\..\src\arcemu-world\GameObject.cpp">
      <Filter>EventableObject\Object\GameObject, Transporter</Filter>
    </ClCompile>
    <ClCompile Include="..\..\src\arcemu-world\TransporterHandler.cpp">
      <Filter>EventableObject\Object\GameObject, Transporter</Filter>
    </ClCompile>
    <ClCompile Include="..\..\src\arcemu-world\Container.cpp">
      <Filter>EventableObject\Object\Item</Filter>
    </ClCompile>
    <ClCompile Include="..\..\src\arcemu-world\Item.cpp">
      <Filter>EventableObject\Object\Item</Filter>
    </ClCompile>
    <ClCompile Include="..\..\src\arcemu-world\ItemInterface.cpp">
      <Filter>EventableObject\Object\Item</Filter>
    </ClCompile>
    <ClCompile Include="..\..\src\arcemu-world\SpellAuras.cpp">
      <Filter>EventableObject\Aura</Filter>
    </ClCompile>
    <ClCompile Include="..\..\src\arcemu-world\AlteracValley.cpp">
      <Filter>EventableObject\CBattlegrounds, CBattlegroundManager</Filter>
    </ClCompile>
    <ClCompile Include="..\..\src\arcemu-world\ArathiBasin.cpp">
      <Filter>EventableObject\CBattlegrounds, CBattlegroundManager</Filter>
    </ClCompile>
    <ClCompile Include="..\..\src\arcemu-world\BattlegroundMgr.cpp">
      <Filter>EventableObject\CBattlegrounds, CBattlegroundManager</Filter>
    </ClCompile>
    <ClCompile Include="..\..\src\arcemu-world\EyeOfTheStorm.cpp">
      <Filter>EventableObject\CBattlegrounds, CBattlegroundManager</Filter>
    </ClCompile>
    <ClCompile Include="..\..\src\arcemu-world\StrandOfTheAncient.cpp">
      <Filter>EventableObject\CBattlegrounds, CBattlegroundManager</Filter>
    </ClCompile>
    <ClCompile Include="..\..\src\arcemu-world\WarsongGulch.cpp">
      <Filter>EventableObject\CBattlegrounds, CBattlegroundManager</Filter>
    </ClCompile>
    <ClCompile Include="..\..\src\arcemu-world\Arenas.cpp">
      <Filter>EventableObject\CBattlegrounds, CBattlegroundManager\Arena</Filter>
    </ClCompile>
    <ClCompile Include="..\..\src\arcemu-world\ArenaTeam.cpp">
      <Filter>EventableObject\CBattlegrounds, CBattlegroundManager\Arena</Filter>
    </ClCompile>
    <ClCompile Include="..\..\src\arcemu-world\LfgMgr.cpp">
      <Filter>EventableObject\LfgMgr</Filter>
    </ClCompile>
    <ClCompile Include="..\..\src\arcemu-world\LootMgr.cpp">
      <Filter>EventableObject\LootRoll</Filter>
    </ClCompile>
    <ClCompile Include="..\..\src\arcemu-world\MailSystem.cpp">
      <Filter>EventableObject\MailSystem</Filter>
    </ClCompile>
    <ClCompile Include="..\..\src\arcemu-world\CollideInterface.cpp">
      <Filter>EventableObject\MapMgr</Filter>
    </ClCompile>
    <ClCompile Include="..\..\src\arcemu-world\Map.cpp">
      <Filter>EventableObject\MapMgr</Filter>
    </ClCompile>
    <ClCompile Include="..\..\src\arcemu-world\MapCell.cpp">
      <Filter>EventableObject\MapMgr</Filter>
    </ClCompile>
    <ClCompile Include="..\..\src\arcemu-world\MapMgr.cpp">
      <Filter>EventableObject\MapMgr</Filter>
    </ClCompile>
    <ClCompile Include="..\..\src\arcemu-world\MapScriptInterface.cpp">
      <Filter>EventableObject\MapMgr</Filter>
    </ClCompile>
    <ClCompile Include="..\..\src\arcemu-world\ObjectMgr.cpp">
      <Filter>EventableObject\ObjectMgr</Filter>
    </ClCompile>
    <ClCompile Include="..\..\src\arcemu-world\Quest.cpp">
      <Filter>EventableObject\QuestLogEntry</Filter>
    </ClCompile>
    <ClCompile Include="..\..\src\arcemu-world\WeatherMgr.cpp">
      <Filter>EventableObject\WeatherInfo</Filter>
    </ClCompile>
    <ClCompile Include="..\..\src\arcemu-world\World.cpp">
      <Filter>EventableObject\World</Filter>
    </ClCompile>
    <ClCompile Include="..\..\src\arcemu-world\WorldState.cpp">
      <Filter>EventableObject\World</Filter>
    </ClCompile>
    <ClCompile Include="..\..\src\arcemu-shared\CoreMemoryAllocator_Core.cpp">
      <Filter>Launcher</Filter>
    </ClCompile>
    <ClCompile Include="..\..\src\arcemu-world\Main.cpp">
      <Filter>Launcher</Filter>
    </ClCompile>
    <ClCompile Include="..\..\src\arcemu-world\Master.cpp">
      <Filter>Launcher</Filter>
    </ClCompile>
    <ClCompile Include="..\..\src\arcemu-world\CConsole.cpp">
      <Filter>Launcher\Console</Filter>
    </ClCompile>
    <ClCompile Include="..\..\src\arcemu-world\ConsoleCommands.cpp">
      <Filter>Launcher\Console</Filter>
    </ClCompile>
    <ClCompile Include="..\..\src\arcemu-world\ConsoleListener.cpp">
      <Filter>Launcher\Console</Filter>
    </ClCompile>
    <ClCompile Include="..\..\src\arcemu-world\AchievementMgr.cpp">
      <Filter>Manager Classes</Filter>
    </ClCompile>
    <ClCompile Include="..\..\src\arcemu-world\AddonMgr.cpp">
      <Filter>Manager Classes</Filter>
    </ClCompile>
    <ClCompile Include="..\..\src\arcemu-world\EventMgr.cpp">
      <Filter>Manager Classes</Filter>
    </ClCompile>
    <ClCompile Include="..\..\src\arcemu-world\LocalizationMgr.cpp">
      <Filter>Manager Classes</Filter>
    </ClCompile>
    <ClCompile Include="..\..\src\arcemu-world\QuestMgr.cpp">
      <Filter>Manager Classes</Filter>
    </ClCompile>
    <ClCompile Include="..\..\src\arcemu-world\ScriptMgr.cpp">
      <Filter>Manager Classes</Filter>
    </ClCompile>
    <ClCompile Include="..\..\src\arcemu-world\TaxiMgr.cpp">
      <Filter>Manager Classes</Filter>
    </ClCompile>
    <ClCompile Include="..\..\src\arcemu-world\TerrainMgr.cpp">
      <Filter>Manager Classes</Filter>
    </ClCompile>
    <ClCompile Include="..\..\src\arcemu-world\WorldCreator.cpp">
      <Filter>Manager Classes</Filter>
    </ClCompile>
    <ClCompile Include="..\..\src\arcemu-world\AuctionHouse.cpp">
      <Filter>Manager Classes\AuctionHouse</Filter>
    </ClCompile>
    <ClCompile Include="..\..\src\arcemu-world\AuctionMgr.cpp">
      <Filter>Manager Classes\AuctionHouse</Filter>
    </ClCompile>
    <ClCompile Include="..\..\src\arcemu-world\Opcodes.cpp">
      <Filter>Networking, Handlers</Filter>
    </ClCompile>
    <ClCompile Include="..\..\src\arcemu-world\UnixMetric.cpp">
      <Filter>Networking, Handlers</Filter>
    </ClCompile>
    <ClCompile Include="..\..\src\arcemu-world\WorldSocket.cpp">
      <Filter>Networking, Handlers</Filter>
    </ClCompile>
    <ClCompile Include="..\..\src\arcemu-world\LogonCommClient.cpp">
      <Filter>Networking, Handlers\LogonComm</Filter>
    </ClCompile>
    <ClCompile Include="..\..\src\arcemu-world\LogonCommHandler.cpp">
      <Filter>Networking, Handlers\LogonComm</Filter>
    </ClCompile>
    <ClCompile Include="..\..\src\arcemu-world\BattlegroundHandler.cpp">
      <Filter>Networking, Handlers\Handlers</Filter>
    </ClCompile>
    <ClCompile Include="..\..\src\arcemu-world\ChannelHandler.cpp">
      <Filter>Networking, Handlers\Handlers</Filter>
    </ClCompile>
    <ClCompile Include="..\..\src\arcemu-world\CharacterHandler.cpp">
      <Filter>Networking, Handlers\Handlers</Filter>
    </ClCompile>
    <ClCompile Include="..\..\src\arcemu-world\ChatHandler.cpp">
      <Filter>Networking, Handlers\Handlers</Filter>
    </ClCompile>
    <ClCompile Include="..\..\src\arcemu-world\CombatHandler.cpp">
      <Filter>Networking, Handlers\Handlers</Filter>
    </ClCompile>
    <ClCompile Include="..\..\src\arcemu-world\DuelHandler.cpp">
      <Filter>Networking, Handlers\Handlers</Filter>
    </ClCompile>
    <ClCompile Include="..\..\src\arcemu-world\GMTicket.cpp">
      <Filter>Networking, Handlers\Handlers</Filter>
    </ClCompile>
    <ClCompile Include="..\..\src\arcemu-world\GroupHandler.cpp">
      <Filter>Networking, Handlers\Handlers</Filter>
    </ClCompile>
    <ClCompile Include="..\..\src\arcemu-world\GuildHandler.cpp">
      <Filter>Networking, Handlers\Handlers</Filter>
    </ClCompile>
    <ClCompile Include="..\..\src\arcemu-world\HonorHandler.cpp">
      <Filter>Networking, Handlers\Handlers</Filter>
    </ClCompile>
    <ClCompile Include="..\..\src\arcemu-world\ItemHandler.cpp">
      <Filter>Networking, Handlers\Handlers</Filter>
    </ClCompile>
    <ClCompile Include="..\..\src\arcemu-world\LfgHandler.cpp">
      <Filter>Networking, Handlers\Handlers</Filter>
    </ClCompile>
    <ClCompile Include="..\..\src\arcemu-world\MiscHandler.cpp">
      <Filter>Networking, Handlers\Handlers</Filter>
    </ClCompile>
    <ClCompile Include="..\..\src\arcemu-world\MovementHandler.cpp">
      <Filter>Networking, Handlers\Handlers</Filter>
    </ClCompile>
    <ClCompile Include="..\..\src\arcemu-world\NPCHandler.cpp">
      <Filter>Networking, Handlers\Handlers</Filter>
    </ClCompile>
    <ClCompile Include="..\..\src\arcemu-world\PetHandler.cpp">
      <Filter>Networking, Handlers\Handlers</Filter>
    </ClCompile>
    <ClCompile Include="..\..\src\arcemu-world\QueryHandler.cpp">
      <Filter>Networking, Handlers\Handlers</Filter>
    </ClCompile>
    <ClCompile Include="..\..\src\arcemu-world\QuestHandler.cpp">
      <Filter>Networking, Handlers\Handlers</Filter>
    </ClCompile>
    <ClCompile Include="..\..\src\arcemu-world\RaidHandler.cpp">
      <Filter>Networking, Handlers\Handlers</Filter>
    </ClCompile>
    <ClCompile Include="..\..\src\arcemu-world\ReputationHandler.cpp">
      <Filter>Networking, Handlers\Handlers</Filter>
    </ClCompile>
    <ClCompile Include="..\..\src\arcemu-world\SocialHandler.cpp">
      <Filter>Networking, Handlers\Handlers</Filter>
    </ClCompile>
    <ClCompile Include="..\..\src\arcemu-world\SpellHandler.cpp">
      <Filter>Networking, Handlers\Handlers</Filter>
    </ClCompile>
    <ClCompile Include="..\..\src\arcemu-world\TaxiHandler.cpp">
      <Filter>Networking, Handlers\Handlers</Filter>
    </ClCompile>
    <ClCompile Include="..\..\src\arcemu-world\TradeHandler.cpp">
      <Filter>Networking, Handlers\Handlers</Filter>
    </ClCompile>
    <ClCompile Include="..\..\src\arcemu-world\VoiceChatHandler.cpp">
      <Filter>Networking, Handlers\Handlers</Filter>
    </ClCompile>
    <ClCompile Include="..\..\src\arcemu-world\AreaTrigger.cpp">
      <Filter>Networking, Handlers\WorldSession</Filter>
    </ClCompile>
    <ClCompile Include="..\..\src\arcemu-world\WorldSession.cpp">
      <Filter>Networking, Handlers\WorldSession</Filter>
    </ClCompile>
    <ClCompile Include="..\..\src\arcemu-world\Spell.cpp">
      <Filter>Spells</Filter>
    </ClCompile>
    <ClCompile Include="..\..\src\arcemu-world\SpellEffects.cpp">
      <Filter>Spells</Filter>
    </ClCompile>
    <ClCompile Include="..\..\src\arcemu-world\SpellTarget.cpp">
      <Filter>Spells</Filter>
    </ClCompile>
    <ClCompile Include="..\..\src\arcemu-world\CommonScheduleThread.cpp">
      <Filter>Threading</Filter>
    </ClCompile>
    <ClCompile Include="..\..\src\arcemu-world\DayWatcherThread.cpp">
      <Filter>Threading</Filter>
    </ClCompile>
    <ClCompile Include="..\..\src\arcemu-world\WorldRunnable.cpp">
      <Filter>Threading</Filter>
    </ClCompile>
    <ClCompile Include="..\..\src\arcemu-world\BattlegroundCommands.cpp">
      <Filter>GM Commands</Filter>
    </ClCompile>
    <ClCompile Include="..\..\src\arcemu-world\debugcmds.cpp">
      <Filter>GM Commands</Filter>
    </ClCompile>
    <ClCompile Include="..\..\src\arcemu-world\GMTicketCommands.cpp">
      <Filter>GM Commands</Filter>
    </ClCompile>
    <ClCompile Include="..\..\src\arcemu-world\InstanceCommands.cpp">
      <Filter>GM Commands</Filter>
    </ClCompile>
    <ClCompile Include="..\..\src\arcemu-world\Level0.cpp">
      <Filter>GM Commands</Filter>
    </ClCompile>
    <ClCompile Include="..\..\src\arcemu-world\Level1.cpp">
      <Filter>GM Commands</Filter>
    </ClCompile>
    <ClCompile Include="..\..\src\arcemu-world\Level2.cpp">
      <Filter>GM Commands</Filter>
    </ClCompile>
    <ClCompile Include="..\..\src\arcemu-world\Level3.cpp">
      <Filter>GM Commands</Filter>
    </ClCompile>
    <ClCompile Include="..\..\src\arcemu-world\QuestCommands.cpp">
      <Filter>GM Commands</Filter>
    </ClCompile>
    <ClCompile Include="..\..\src\arcemu-world\RecallCommands.cpp">
      <Filter>GM Commands</Filter>
    </ClCompile>
    <ClCompile Include="..\..\src\arcemu-world\faction.cpp" />
    <ClCompile Include="..\..\src\arcemu-world\StdAfx.cpp" />
    <ClCompile Include="..\..\src\arcemu-world\WUtil.cpp" />
    <ClCompile Include="..\..\src\arcemu-world\HackFixes.cpp" />
    <ClCompile Include="..\..\src\arcemu-world\SpellProc_DeathKnight.cpp">
      <Filter>Spells</Filter>
    </ClCompile>
    <ClCompile Include="..\..\src\arcemu-world\SpellProc_Druid.cpp">
      <Filter>Spells</Filter>
    </ClCompile>
    <ClCompile Include="..\..\src\arcemu-world\SpellProc_Hunter.cpp">
      <Filter>Spells</Filter>
    </ClCompile>
    <ClCompile Include="..\..\src\arcemu-world\SpellProc_Items.cpp">
      <Filter>Spells</Filter>
    </ClCompile>
    <ClCompile Include="..\..\src\arcemu-world\SpellProc_Mage.cpp">
      <Filter>Spells</Filter>
    </ClCompile>
    <ClCompile Include="..\..\src\arcemu-world\SpellProc_Paladin.cpp">
      <Filter>Spells</Filter>
    </ClCompile>
    <ClCompile Include="..\..\src\arcemu-world\SpellProc_Priest.cpp">
      <Filter>Spells</Filter>
    </ClCompile>
    <ClCompile Include="..\..\src\arcemu-world\SpellProc_Rogue.cpp">
      <Filter>Spells</Filter>
    </ClCompile>
    <ClCompile Include="..\..\src\arcemu-world\SpellProc_Shaman.cpp">
      <Filter>Spells</Filter>
    </ClCompile>
    <ClCompile Include="..\..\src\arcemu-world\SpellProc_Warlock.cpp">
      <Filter>Spells</Filter>
    </ClCompile>
    <ClCompile Include="..\..\src\arcemu-world\SpellProc_Warrior.cpp">
      <Filter>Spells</Filter>
    </ClCompile>
    <ClCompile Include="..\..\src\arcemu-world\SpellProc.cpp">
      <Filter>Spells</Filter>
    </ClCompile>
    <ClCompile Include="..\..\src\arcemu-world\EquipmentSetMgr.cpp" />
  </ItemGroup>
  <ItemGroup>
    <ClInclude Include="..\..\src\arcemu-world\Channel.h">
      <Filter>Chat, Channel, WayPoints</Filter>
    </ClInclude>
    <ClInclude Include="..\..\src\arcemu-world\ChannelMgr.h">
      <Filter>Chat, Channel, WayPoints</Filter>
    </ClInclude>
    <ClInclude Include="..\..\src\arcemu-world\Chat.h">
      <Filter>Chat, Channel, WayPoints</Filter>
    </ClInclude>
    <ClInclude Include="..\..\src\arcemu-world\WordFilter.h">
      <Filter>Chat, Channel, WayPoints</Filter>
    </ClInclude>
    <ClInclude Include="..\..\src\arcemu-world\AIInterface.h">
      <Filter>CreatureAI</Filter>
    </ClInclude>
    <ClInclude Include="..\..\src\arcemu-world\DatabaseCleaner.h">
      <Filter>Database, Storage</Filter>
    </ClInclude>
    <ClInclude Include="..\..\src\arcemu-world\ObjectStorage.h">
      <Filter>Database, Storage</Filter>
    </ClInclude>
    <ClInclude Include="..\..\src\arcemu-world\EventableObject.h">
      <Filter>EventableObject</Filter>
    </ClInclude>
    <ClInclude Include="..\..\src\arcemu-world\Object.h">
      <Filter>EventableObject\Object</Filter>
    </ClInclude>
    <ClInclude Include="..\..\src\arcemu-world\UpdateFields.h">
      <Filter>EventableObject\Object</Filter>
    </ClInclude>
    <ClInclude Include="..\..\src\arcemu-world\UpdateMask.h">
      <Filter>EventableObject\Object</Filter>
    </ClInclude>
    <ClInclude Include="..\..\src\arcemu-world\Stats.h">
      <Filter>EventableObject\Object\Unit</Filter>
    </ClInclude>
    <ClInclude Include="..\..\src\arcemu-world\Unit.h">
      <Filter>EventableObject\Object\Unit</Filter>
    </ClInclude>
    <ClInclude Include="..\..\src\arcemu-world\Group.h">
      <Filter>EventableObject\Object\Unit\Player</Filter>
    </ClInclude>
    <ClInclude Include="..\..\src\arcemu-world\Guild.h">
      <Filter>EventableObject\Object\Unit\Player</Filter>
    </ClInclude>
    <ClInclude Include="..\..\src\arcemu-world\Player.h">
      <Filter>EventableObject\Object\Unit\Player</Filter>
    </ClInclude>
    <ClInclude Include="..\..\src\arcemu-world\SpeedDetector.h">
      <Filter>EventableObject\Object\Unit\Player</Filter>
    </ClInclude>
    <ClInclude Include="..\..\src\arcemu-world\Creature.h">
      <Filter>EventableObject\Object\Unit\Creature</Filter>
    </ClInclude>
    <ClInclude Include="..\..\src\arcemu-world\Pet.h">
      <Filter>EventableObject\Object\Unit\Creature</Filter>
    </ClInclude>
    <ClInclude Include="..\..\src\arcemu-world\Vehicle.h">
      <Filter>EventableObject\Object\Unit\Creature</Filter>
    </ClInclude>
    <ClInclude Include="..\..\src\arcemu-world\Corpse.h">
      <Filter>EventableObject\Object\Corpse</Filter>
    </ClInclude>
    <ClInclude Include="..\..\src\arcemu-world\DynamicObject.h">
      <Filter>EventableObject\Object\DynamicObject</Filter>
    </ClInclude>
    <ClInclude Include="..\..\src\arcemu-world\GameObject.h">
      <Filter>EventableObject\Object\GameObject, Transporter</Filter>
    </ClInclude>
    <ClInclude Include="..\..\src\arcemu-world\TransporterHandler.h">
      <Filter>EventableObject\Object\GameObject, Transporter</Filter>
    </ClInclude>
    <ClInclude Include="..\..\src\arcemu-world\Container.h">
      <Filter>EventableObject\Object\Item</Filter>
    </ClInclude>
    <ClInclude Include="..\..\src\arcemu-world\Item.h">
      <Filter>EventableObject\Object\Item</Filter>
    </ClInclude>
    <ClInclude Include="..\..\src\arcemu-world\ItemInterface.h">
      <Filter>EventableObject\Object\Item</Filter>
    </ClInclude>
    <ClInclude Include="..\..\src\arcemu-world\ItemPrototype.h">
      <Filter>EventableObject\Object\Item</Filter>
    </ClInclude>
    <ClInclude Include="..\..\src\arcemu-world\SpellAuras.h">
      <Filter>EventableObject\Aura</Filter>
    </ClInclude>
    <ClInclude Include="..\..\src\arcemu-world\AlteracValley.h">
      <Filter>EventableObject\CBattlegrounds, CBattlegroundManager</Filter>
    </ClInclude>
    <ClInclude Include="..\..\src\arcemu-world\ArathiBasin.h">
      <Filter>EventableObject\CBattlegrounds, CBattlegroundManager</Filter>
    </ClInclude>
    <ClInclude Include="..\..\src\arcemu-world\BattlegroundMgr.h">
      <Filter>EventableObject\CBattlegrounds, CBattlegroundManager</Filter>
    </ClInclude>
    <ClInclude Include="..\..\src\arcemu-world\EyeOfTheStorm.h">
      <Filter>EventableObject\CBattlegrounds, CBattlegroundManager</Filter>
    </ClInclude>
    <ClInclude Include="..\..\src\arcemu-world\StrandOfTheAncient.h">
      <Filter>EventableObject\CBattlegrounds, CBattlegroundManager</Filter>
    </ClInclude>
    <ClInclude Include="..\..\src\arcemu-world\WarsongGulch.h">
      <Filter>EventableObject\CBattlegrounds, CBattlegroundManager</Filter>
    </ClInclude>
    <ClInclude Include="..\..\src\arcemu-world\Arenas.h">
      <Filter>EventableObject\CBattlegrounds, CBattlegroundManager\Arena</Filter>
    </ClInclude>
    <ClInclude Include="..\..\src\arcemu-world\ArenaTeam.h">
      <Filter>EventableObject\CBattlegrounds, CBattlegroundManager\Arena</Filter>
    </ClInclude>
    <ClInclude Include="..\..\src\arcemu-world\LfgMgr.h">
      <Filter>EventableObject\LfgMgr</Filter>
    </ClInclude>
    <ClInclude Include="..\..\src\arcemu-world\LootMgr.h">
      <Filter>EventableObject\LootRoll</Filter>
    </ClInclude>
    <ClInclude Include="..\..\src\arcemu-world\MailSystem.h">
      <Filter>EventableObject\MailSystem</Filter>
    </ClInclude>
    <ClInclude Include="..\..\src\arcemu-world\CellHandler.h">
      <Filter>EventableObject\MapMgr</Filter>
    </ClInclude>
    <ClInclude Include="..\..\src\arcemu-world\CollideInterface.h">
      <Filter>EventableObject\MapMgr</Filter>
    </ClInclude>
    <ClInclude Include="..\..\src\arcemu-world\Map.h">
      <Filter>EventableObject\MapMgr</Filter>
    </ClInclude>
    <ClInclude Include="..\..\src\arcemu-world\MapCell.h">
      <Filter>EventableObject\MapMgr</Filter>
    </ClInclude>
    <ClInclude Include="..\..\src\arcemu-world\MapMgr.h">
      <Filter>EventableObject\MapMgr</Filter>
    </ClInclude>
    <ClInclude Include="..\..\src\arcemu-world\MapScriptInterface.h">
      <Filter>EventableObject\MapMgr</Filter>
    </ClInclude>
    <ClInclude Include="..\..\src\arcemu-world\ObjectMgr.h">
      <Filter>EventableObject\ObjectMgr</Filter>
    </ClInclude>
    <ClInclude Include="..\..\src\arcemu-world\Quest.h">
      <Filter>EventableObject\QuestLogEntry</Filter>
    </ClInclude>
    <ClInclude Include="..\..\src\arcemu-world\WeatherMgr.h">
      <Filter>EventableObject\WeatherInfo</Filter>
    </ClInclude>
    <ClInclude Include="..\..\src\arcemu-world\World.h">
      <Filter>EventableObject\World</Filter>
    </ClInclude>
    <ClInclude Include="..\..\src\arcemu-world\WorldState.h">
      <Filter>EventableObject\World</Filter>
    </ClInclude>
    <ClInclude Include="..\..\src\arcemu-world\Master.h">
      <Filter>Launcher</Filter>
    </ClInclude>
    <ClInclude Include="..\..\src\arcemu-world\BaseConsole.h">
      <Filter>Launcher\Console</Filter>
    </ClInclude>
    <ClInclude Include="..\..\src\arcemu-world\CConsole.h">
      <Filter>Launcher\Console</Filter>
    </ClInclude>
    <ClInclude Include="..\..\src\arcemu-world\ConsoleCommands.h">
      <Filter>Launcher\Console</Filter>
    </ClInclude>
    <ClInclude Include="..\..\src\arcemu-world\AchievementMgr.h">
      <Filter>Manager Classes</Filter>
    </ClInclude>
    <ClInclude Include="..\..\src\arcemu-world\AddonMgr.h">
      <Filter>Manager Classes</Filter>
    </ClInclude>
    <ClInclude Include="..\..\src\arcemu-world\EventMgr.h">
      <Filter>Manager Classes</Filter>
    </ClInclude>
    <ClInclude Include="..\..\src\arcemu-world\LocalizationMgr.h">
      <Filter>Manager Classes</Filter>
    </ClInclude>
    <ClInclude Include="..\..\src\arcemu-world\QuestMgr.h">
      <Filter>Manager Classes</Filter>
    </ClInclude>
    <ClInclude Include="..\..\src\arcemu-world\ScriptMgr.h">
      <Filter>Manager Classes</Filter>
    </ClInclude>
    <ClInclude Include="..\..\src\arcemu-world\ScriptSetup.h">
      <Filter>Manager Classes</Filter>
    </ClInclude>
    <ClInclude Include="..\..\src\arcemu-world\SkillNameMgr.h">
      <Filter>Manager Classes</Filter>
    </ClInclude>
    <ClInclude Include="..\..\src\arcemu-world\TaxiMgr.h">
      <Filter>Manager Classes</Filter>
    </ClInclude>
    <ClInclude Include="..\..\src\arcemu-world\TerrainMgr.h">
      <Filter>Manager Classes</Filter>
    </ClInclude>
    <ClInclude Include="..\..\src\arcemu-world\WorldCreator.h">
      <Filter>Manager Classes</Filter>
    </ClInclude>
    <ClInclude Include="..\..\src\arcemu-world\AuctionHouse.h">
      <Filter>Manager Classes\AuctionHouse</Filter>
    </ClInclude>
    <ClInclude Include="..\..\src\arcemu-world\AuctionMgr.h">
      <Filter>Manager Classes\AuctionHouse</Filter>
    </ClInclude>
    <ClInclude Include="..\..\src\arcemu-world\NameTables.h">
      <Filter>Networking, Handlers</Filter>
    </ClInclude>
    <ClInclude Include="..\..\src\arcemu-world\Opcodes.h">
      <Filter>Networking, Handlers</Filter>
    </ClInclude>
    <ClInclude Include="..\..\src\arcemu-world\UnixMetric.h">
      <Filter>Networking, Handlers</Filter>
    </ClInclude>
    <ClInclude Include="..\..\src\arcemu-world\WorldSocket.h">
      <Filter>Networking, Handlers</Filter>
    </ClInclude>
    <ClInclude Include="..\..\src\arcemu-world\LogonCommClient.h">
      <Filter>Networking, Handlers\LogonComm</Filter>
    </ClInclude>
    <ClInclude Include="..\..\src\arcemu-world\LogonCommHandler.h">
      <Filter>Networking, Handlers\LogonComm</Filter>
    </ClInclude>
    <ClInclude Include="..\..\src\arcemu-world\HonorHandler.h">
      <Filter>Networking, Handlers\Handlers</Filter>
    </ClInclude>
    <ClInclude Include="..\..\src\arcemu-world\NPCHandler.h">
      <Filter>Networking, Handlers\Handlers</Filter>
    </ClInclude>
    <ClInclude Include="..\..\src\arcemu-world\AreaTrigger.h">
      <Filter>Networking, Handlers\WorldSession</Filter>
    </ClInclude>
    <ClInclude Include="..\..\src\arcemu-world\WorldSession.h">
      <Filter>Networking, Handlers\WorldSession</Filter>
    </ClInclude>
    <ClInclude Include="..\..\src\arcemu-world\Spell.h">
      <Filter>Spells</Filter>
    </ClInclude>
    <ClInclude Include="..\..\src\arcemu-world\SpellFailure.h">
      <Filter>Spells</Filter>
    </ClInclude>
    <ClInclude Include="..\..\src\arcemu-world\CommonScheduleThread.h">
      <Filter>Threading</Filter>
    </ClInclude>
    <ClInclude Include="..\..\src\arcemu-world\DayWatcherThread.h">
      <Filter>Threading</Filter>
    </ClInclude>
    <ClInclude Include="..\..\src\arcemu-world\WorldRunnable.h">
      <Filter>Threading</Filter>
    </ClInclude>
    <ClInclude Include="..\..\src\arcemu-world\Definitions.h" />
    <ClInclude Include="..\..\src\arcemu-world\faction.h" />
    <ClInclude Include="..\..\src\arcemu-world\StdAfx.h" />
    <ClInclude Include="..\..\src\arcemu-world\WorldStates.h" />
    <ClInclude Include="..\..\src\arcemu-world\WUtil.h" />
    <ClInclude Include="..\..\src\arcemu-world\SpellProc.h">
      <Filter>Spells</Filter>
    </ClInclude>
    <ClInclude Include="..\..\src\arcemu-world\EquipmentSetMgr.h" />
    <ClInclude Include="..\..\src\arcemu-world\MiscHandler.h" />
    <ClInclude Include="..\..\src\arcemu-world\Skill.h" />
    <ClInclude Include="..\..\src\arcemu-world\SpellNameHashes.h">
      <Filter>Spells</Filter>
    </ClInclude>
    <ClInclude Include="..\..\src\arcemu-world\SpellTarget.h">
      <Filter>Spells</Filter>
    </ClInclude>
    <ClInclude Include="..\..\src\arcemu-world\PlayerCache.h">
      <Filter>EventableObject\Object\Unit\Player</Filter>
    </ClInclude>
  </ItemGroup>
  <ItemGroup>
    <ResourceCompile Include="..\..\src\arcemu-world\resources.rc" />
  </ItemGroup>
</Project>