Microsoft Visual Studio Solution File, Format Version 9.00
# Visual Studio 2005
Project("{8BC9CEB8-8B4A-11D0-8D11-00A0C91BC942}") = "SunInstanceScripts", "projects\InstanceScripts2005.vcproj", "{EE39B48B-C598-4AAF-9EF0-199402933EE5}"
EndProject
Project("{8BC9CEB8-8B4A-11D0-8D11-00A0C91BC942}") = "SunSpellHandlers", "projects\SpellsHandlers2005.vcproj", "{E814F3A9-63AA-4E12-86A8-00A5DA9E5A55}"
EndProject
Project("{8BC9CEB8-8B4A-11D0-8D11-00A0C91BC942}") = "SunGossipScripts", "projects\GossipScripts2005.vcproj", "{7E2144CE-171F-428D-AA9E-64C693A5841D}"
EndProject
Project("{8BC9CEB8-8B4A-11D0-8D11-00A0C91BC942}") = "ServerStatusPlugin", "projects\ServerStatusPlugin2005.vcproj", "{6FE6073B-BBD5-424F-83EA-5CFF9BB47EB8}"
EndProject
Project("{8BC9CEB8-8B4A-11D0-8D11-00A0C91BC942}") = "SunQuestScripts", "projects\Quest2005.vcproj", "{60406704-5136-447C-B34B-C5AD16A094FD}"
EndProject
Project("{8BC9CEB8-8B4A-11D0-8D11-00A0C91BC942}") = "SunMiscScripts", "projects\Misc2005.vcproj", "{9F7BE2F8-C17A-4F9E-A32E-ECFF0B74566D}"
EndProject
Global
	GlobalSection(SolutionConfigurationPlatforms) = preSolution
		Debug|Win32 = Debug|Win32
		Release|Win32 = Release|Win32
	EndGlobalSection
	GlobalSection(ProjectConfigurationPlatforms) = postSolution
		{EE39B48B-C598-4AAF-9EF0-199402933EE5}.Debug|Win32.ActiveCfg = Debug|Win32
		{EE39B48B-C598-4AAF-9EF0-199402933EE5}.Debug|Win32.Build.0 = Debug|Win32
		{EE39B48B-C598-4AAF-9EF0-199402933EE5}.Release|Win32.ActiveCfg = Release|Win32
		{EE39B48B-C598-4AAF-9EF0-199402933EE5}.Release|Win32.Build.0 = Release|Win32
		{E814F3A9-63AA-4E12-86A8-00A5DA9E5A55}.Debug|Win32.ActiveCfg = Debug|Win32
		{E814F3A9-63AA-4E12-86A8-00A5DA9E5A55}.Debug|Win32.Build.0 = Debug|Win32
		{E814F3A9-63AA-4E12-86A8-00A5DA9E5A55}.Release|Win32.ActiveCfg = Release|Win32
		{E814F3A9-63AA-4E12-86A8-00A5DA9E5A55}.Release|Win32.Build.0 = Release|Win32
		{7E2144CE-171F-428D-AA9E-64C693A5841D}.Debug|Win32.ActiveCfg = Debug|Win32
		{7E2144CE-171F-428D-AA9E-64C693A5841D}.Debug|Win32.Build.0 = Debug|Win32
		{7E2144CE-171F-428D-AA9E-64C693A5841D}.Release|Win32.ActiveCfg = Release|Win32
		{7E2144CE-171F-428D-AA9E-64C693A5841D}.Release|Win32.Build.0 = Release|Win32
		{6FE6073B-BBD5-424F-83EA-5CFF9BB47EB8}.Debug|Win32.ActiveCfg = Debug|Win32
		{6FE6073B-BBD5-424F-83EA-5CFF9BB47EB8}.Debug|Win32.Build.0 = Debug|Win32
		{6FE6073B-BBD5-424F-83EA-5CFF9BB47EB8}.Release|Win32.ActiveCfg = Release|Win32
		{6FE6073B-BBD5-424F-83EA-5CFF9BB47EB8}.Release|Win32.Build.0 = Release|Win32
		{60406704-5136-447C-B34B-C5AD16A094FD}.Debug|Win32.ActiveCfg = Debug|Win32
		{60406704-5136-447C-B34B-C5AD16A094FD}.Debug|Win32.Build.0 = Debug|Win32
		{60406704-5136-447C-B34B-C5AD16A094FD}.Release|Win32.ActiveCfg = Release|Win32
		{60406704-5136-447C-B34B-C5AD16A094FD}.Release|Win32.Build.0 = Release|Win32
		{9F7BE2F8-C17A-4F9E-A32E-ECFF0B74566D}.Debug|Win32.ActiveCfg = Debug|Win32
		{9F7BE2F8-C17A-4F9E-A32E-ECFF0B74566D}.Debug|Win32.Build.0 = Debug|Win32
		{9F7BE2F8-C17A-4F9E-A32E-ECFF0B74566D}.Release|Win32.ActiveCfg = Release|Win32
		{9F7BE2F8-C17A-4F9E-A32E-ECFF0B74566D}.Release|Win32.Build.0 = Release|Win32
	EndGlobalSection
	GlobalSection(SolutionProperties) = preSolution
		HideSolutionNode = FALSE
	EndGlobalSection
EndGlobal
