<?xml version="1.0" encoding="utf-8"?>
<Project ToolsVersion="4.0" xmlns="http://schemas.microsoft.com/developer/msbuild/2003">
  <ItemGroup>
    <Filter Include="Source Files">
      <UniqueIdentifier>{4FC737F1-C7A5-4376-A066-2A32D752A2FF}</UniqueIdentifier>
      <Extensions>cpp;c;cc;cxx;def;odl;idl;hpj;bat;asm;asmx</Extensions>
    </Filter>
    <Filter Include="Header Files">
      <UniqueIdentifier>{93995380-89BD-4b04-88EB-625FBE52EBFB}</UniqueIdentifier>
      <Extensions>h;hpp;hxx;hm;inl;inc;xsd</Extensions>
    </Filter>
    <Filter Include="Resource Files">
      <UniqueIdentifier>{67DA6AB6-F800-4c08-8B7A-83BB121AAD01}</UniqueIdentifier>
      <Extensions>rc;ico;cur;bmp;dlg;rc2;rct;bin;rgs;gif;jpg;jpeg;jpe;resx;tiff;tif;png;wav;mfcribbon-ms</Extensions>
    </Filter>
    <Filter Include="Source Files\libmpq">
      <UniqueIdentifier>{187eb617-9d49-4858-9f38-fac20b446eef}</UniqueIdentifier>
    </Filter>
  </ItemGroup>
  <ItemGroup>
    <ClCompile Include="Main.cpp">
      <Filter>Source Files</Filter>
    </ClCompile>
    <ClCompile Include="libmpq\common.cpp">
      <Filter>Source Files\libmpq</Filter>
    </ClCompile>
    <ClCompile Include="libmpq\explode.cpp">
      <Filter>Source Files\libmpq</Filter>
    </ClCompile>
    <ClCompile Include="libmpq\extract.cpp">
      <Filter>Source Files\libmpq</Filter>
    </ClCompile>
    <ClCompile Include="libmpq\huffman.cpp">
      <Filter>Source Files\libmpq</Filter>
    </ClCompile>
    <ClCompile Include="libmpq\mpq.cpp">
      <Filter>Source Files\libmpq</Filter>
    </ClCompile>
    <ClCompile Include="libmpq\parser.cpp">
      <Filter>Source Files\libmpq</Filter>
    </ClCompile>
    <ClCompile Include="libmpq\wave.cpp">
      <Filter>Source Files\libmpq</Filter>
    </ClCompile>
    <ClCompile Include="mpq_libmpq.cpp">
      <Filter>Source Files</Filter>
    </ClCompile>
    <ClCompile Include="dbcfile.cpp">
      <Filter>Source Files</Filter>
    </ClCompile>
  </ItemGroup>
  <ItemGroup>
    <ClInclude Include="libmpq\zlib.h">
      <Filter>Source Files\libmpq</Filter>
    </ClInclude>
    <ClInclude Include="libmpq\common.h">
      <Filter>Source Files\libmpq</Filter>
    </ClInclude>
    <ClInclude Include="libmpq\explode.h">
      <Filter>Source Files\libmpq</Filter>
    </ClInclude>
    <ClInclude Include="libmpq\huffman.h">
      <Filter>Source Files\libmpq</Filter>
    </ClInclude>
    <ClInclude Include="libmpq\mpq.h">
      <Filter>Source Files\libmpq</Filter>
    </ClInclude>
    <ClInclude Include="libmpq\wave.h">
      <Filter>Source Files\libmpq</Filter>
    </ClInclude>
    <ClInclude Include="libmpq\zconf.h">
      <Filter>Source Files\libmpq</Filter>
    </ClInclude>
    <ClInclude Include="mpq_libmpq.h">
      <Filter>Source Files</Filter>
    </ClInclude>
    <ClInclude Include="dbcfile.h">
      <Filter>Source Files</Filter>
    </ClInclude>
    <ClInclude Include="structs.h">
      <Filter>Source Files</Filter>
    </ClInclude>
  </ItemGroup>
</Project>