Microsoft Visual Studio Solution File, Format Version 8.00
Project("{8BC9CEB8-8B4A-11D0-8D11-00A0C91BC942}") = "arcemu-world", "VC71\arcemu-world.vcproj", "{1DC6C4DA-A028-41F3-877D-D5400C594F88}"
	ProjectSection(ProjectDependencies) = postProject
		{90297C34-F231-4DF4-848E-A74BCC0E40ED} = {90297C34-F231-4DF4-848E-A74BCC0E40ED}
	EndProjectSection
EndProject
Project("{8BC9CEB8-8B4A-11D0-8D11-00A0C91BC942}") = "arcemu-shared", "VC71\arcemu-shared.vcproj", "{90297C34-F231-4DF4-848E-A74BCC0E40ED}"
	ProjectSection(ProjectDependencies) = postProject
	EndProjectSection
EndProject
Project("{8BC9CEB8-8B4A-11D0-8D11-00A0C91BC942}") = "arcemu-logonserver", "VC71\arcemu-logonserver.vcproj", "{6E15F06D-5546-474D-BB42-39848DEF77E0}"
	ProjectSection(ProjectDependencies) = postProject
		{90297C34-F231-4DF4-848E-A74BCC0E40ED} = {90297C34-F231-4DF4-848E-A74BCC0E40ED}
	EndProjectSection
EndProject
Global
	GlobalSection(SolutionConfiguration) = preSolution
		Debug = Debug
		Release = Release
	EndGlobalSection
	GlobalSection(ProjectConfiguration) = postSolution
		{1DC6C4DA-A028-41F3-877D-D5400C594F88}.Debug.ActiveCfg = Debug|Win32
		{1DC6C4DA-A028-41F3-877D-D5400C594F88}.Debug.Build.0 = Debug|Win32
		{1DC6C4DA-A028-41F3-877D-D5400C594F88}.Release.ActiveCfg = Release|Win32
		{1DC6C4DA-A028-41F3-877D-D5400C594F88}.Release.Build.0 = Release|Win32
		{90297C34-F231-4DF4-848E-A74BCC0E40ED}.Debug.ActiveCfg = Debug|Win32
		{90297C34-F231-4DF4-848E-A74BCC0E40ED}.Debug.Build.0 = Debug|Win32
		{90297C34-F231-4DF4-848E-A74BCC0E40ED}.Release.ActiveCfg = Release|Win32
		{90297C34-F231-4DF4-848E-A74BCC0E40ED}.Release.Build.0 = Release|Win32
		{6E15F06D-5546-474D-BB42-39848DEF77E0}.Debug.ActiveCfg = Debug|Win32
		{6E15F06D-5546-474D-BB42-39848DEF77E0}.Debug.Build.0 = Debug|Win32
		{6E15F06D-5546-474D-BB42-39848DEF77E0}.Release.ActiveCfg = Release|Win32
		{6E15F06D-5546-474D-BB42-39848DEF77E0}.Release.Build.0 = Release|Win32
	EndGlobalSection
	GlobalSection(ExtensibilityGlobals) = postSolution
	EndGlobalSection
	GlobalSection(ExtensibilityAddIns) = postSolution
	EndGlobalSection
	GlobalSection(DPCodeReviewSolutionGUID) = preSolution
		DPCodeReviewSolutionGUID = {00000000-0000-0000-0000-000000000000}
	EndGlobalSection
EndGlobal
