Microsoft Visual Studio Solution File, Format Version 8.00
Project("{8BC9CEB8-8B4A-11D0-8D11-00A0C91BC942}") = "ascent-world", "VC71\ascent-world.vcproj", "{1DC6C4DA-A028-41F3-877D-D5400C594F88}"
	ProjectSection(ProjectDependencies) = postProject
		{90297C34-F231-4DF4-848E-A74BCC0E40ED} = {90297C34-F231-4DF4-848E-A74BCC0E40ED}
	EndProjectSection
EndProject
Project("{8BC9CEB8-8B4A-11D0-8D11-00A0C91BC942}") = "ascent-shared", "VC71\ascent-shared.vcproj", "{90297C34-F231-4DF4-848E-A74BCC0E40ED}"
	ProjectSection(ProjectDependencies) = postProject
	EndProjectSection
EndProject
Project("{8BC9CEB8-8B4A-11D0-8D11-00A0C91BC942}") = "ascent-logonserver", "VC71\ascent-logonserver.vcproj", "{6E15F06D-5546-474D-BB42-39848DEF77E0}"
	ProjectSection(ProjectDependencies) = postProject
		{90297C34-F231-4DF4-848E-A74BCC0E40ED} = {90297C34-F231-4DF4-848E-A74BCC0E40ED}
	EndProjectSection
EndProject
Project("{8BC9CEB8-8B4A-11D0-8D11-00A0C91BC942}") = "ascent-realmserver", "VC71\ascent-realmserver.vcproj", "{A3A04E47-43A2-4C08-90B3-029CEF558594}"
	ProjectSection(ProjectDependencies) = postProject
		{90297C34-F231-4DF4-848E-A74BCC0E40ED} = {90297C34-F231-4DF4-848E-A74BCC0E40ED}
		{1DC6C4DA-A028-41F3-877D-D5400C594F88} = {1DC6C4DA-A028-41F3-877D-D5400C594F88}
	EndProjectSection
EndProject
Project("{8BC9CEB8-8B4A-11D0-8D11-00A0C91BC942}") = "ascent-voicechat", "VC71\ascent-voicechat.vcproj", "{C36E06CE-9CBF-4B13-AA03-DA3F886F6B59}"
	ProjectSection(ProjectDependencies) = postProject
	EndProjectSection
EndProject
Global
	GlobalSection(SolutionConfiguration) = preSolution
		Debug = Debug
		Release = Release
	EndGlobalSection
	GlobalSection(ProjectConfiguration) = postSolution
		{1DC6C4DA-A028-41F3-877D-D5400C594F88}.Debug.ActiveCfg = Debug|Win32
		{1DC6C4DA-A028-41F3-877D-D5400C594F88}.Debug.Build.0 = Debug|Win32
		{1DC6C4DA-A028-41F3-877D-D5400C594F88}.Release.ActiveCfg = Release|Win32
		{1DC6C4DA-A028-41F3-877D-D5400C594F88}.Release.Build.0 = Release|Win32
		{90297C34-F231-4DF4-848E-A74BCC0E40ED}.Debug.ActiveCfg = Debug|Win32
		{90297C34-F231-4DF4-848E-A74BCC0E40ED}.Debug.Build.0 = Debug|Win32
		{90297C34-F231-4DF4-848E-A74BCC0E40ED}.Release.ActiveCfg = Release|Win32
		{90297C34-F231-4DF4-848E-A74BCC0E40ED}.Release.Build.0 = Release|Win32
		{6E15F06D-5546-474D-BB42-39848DEF77E0}.Debug.ActiveCfg = Debug|Win32
		{6E15F06D-5546-474D-BB42-39848DEF77E0}.Debug.Build.0 = Debug|Win32
		{6E15F06D-5546-474D-BB42-39848DEF77E0}.Release.ActiveCfg = Release|Win32
		{6E15F06D-5546-474D-BB42-39848DEF77E0}.Release.Build.0 = Release|Win32
		{A3A04E47-43A2-4C08-90B3-029CEF558594}.Debug.ActiveCfg = Debug|Win32
		{A3A04E47-43A2-4C08-90B3-029CEF558594}.Release.ActiveCfg = Release|Win32
		{C36E06CE-9CBF-4B13-AA03-DA3F886F6B59}.Debug.ActiveCfg = Debug|Win32
		{C36E06CE-9CBF-4B13-AA03-DA3F886F6B59}.Release.ActiveCfg = Release|Win32
	EndGlobalSection
	GlobalSection(ExtensibilityGlobals) = postSolution
	EndGlobalSection
	GlobalSection(ExtensibilityAddIns) = postSolution
	EndGlobalSection
	GlobalSection(DPCodeReviewSolutionGUID) = preSolution
		DPCodeReviewSolutionGUID = {00000000-0000-0000-0000-000000000000}
	EndGlobalSection
EndGlobal
