Microsoft Visual Studio Solution File, Format Version 8.00
Project("{8BC9CEB8-8B4A-11D0-8D11-00A0C91BC942}") = "pcre", "VC71-pcre.vcproj", "{311F016D-F785-47EF-B032-5350397F16B6}"
	ProjectSection(ProjectDependencies) = postProject
	EndProjectSection
EndProject
Project("{8BC9CEB8-8B4A-11D0-8D11-00A0C91BC942}") = "zlib", "VC71-zlib.vcproj", "{8F1DEA42-6A5B-4B62-839D-C141A7BFACF2}"
	ProjectSection(ProjectDependencies) = postProject
	EndProjectSection
EndProject
Global
	GlobalSection(SolutionConfiguration) = preSolution
		Debug = Debug
		Release = Release
	EndGlobalSection
	GlobalSection(ProjectConfiguration) = postSolution
		{311F016D-F785-47EF-B032-5350397F16B6}.Debug.ActiveCfg = Debug|Win32
		{311F016D-F785-47EF-B032-5350397F16B6}.Debug.Build.0 = Debug|Win32
		{311F016D-F785-47EF-B032-5350397F16B6}.Release.ActiveCfg = Release|Win32
		{311F016D-F785-47EF-B032-5350397F16B6}.Release.Build.0 = Release|Win32
		{8F1DEA42-6A5B-4B62-839D-C141A7BFACF2}.Debug.ActiveCfg = Debug|Win32
		{8F1DEA42-6A5B-4B62-839D-C141A7BFACF2}.Debug.Build.0 = Debug|Win32
		{8F1DEA42-6A5B-4B62-839D-C141A7BFACF2}.Release.ActiveCfg = Release|Win32
		{8F1DEA42-6A5B-4B62-839D-C141A7BFACF2}.Release.Build.0 = Release|Win32
	EndGlobalSection
	GlobalSection(ExtensibilityGlobals) = postSolution
	EndGlobalSection
	GlobalSection(ExtensibilityAddIns) = postSolution
	EndGlobalSection
	GlobalSection(DPCodeReviewSolutionGUID) = preSolution
		DPCodeReviewSolutionGUID = {00000000-0000-0000-0000-000000000000}
	EndGlobalSection
EndGlobal
