<?xml version="1.0" encoding="utf-8"?>
<Project ToolsVersion="4.0" xmlns="http://schemas.microsoft.com/developer/msbuild/2003">
  <ItemGroup>
    <Filter Include="Source Files">
      <UniqueIdentifier>{78764d86-7969-4408-b31d-c03e68f3b8c2}</UniqueIdentifier>
      <Extensions>cpp;c;cxx;rc;def;r;odl;idl;hpj;bat</Extensions>
    </Filter>
    <Filter Include="Header Files">
      <UniqueIdentifier>{f5513d91-8091-48a1-94f0-c48d7bf62d3b}</UniqueIdentifier>
      <Extensions>h;hpp;hxx;hm;inl</Extensions>
    </Filter>
  </ItemGroup>
  <ItemGroup>
    <ClCompile Include="adt.cpp">
      <Filter>Source Files</Filter>
    </ClCompile>
    <ClCompile Include="libmpq\common.cpp">
      <Filter>Source Files</Filter>
    </ClCompile>
    <ClCompile Include="dbcfile.cpp">
      <Filter>Source Files</Filter>
    </ClCompile>
    <ClCompile Include="libmpq\explode.cpp">
      <Filter>Source Files</Filter>
    </ClCompile>
    <ClCompile Include="libmpq\extract.cpp">
      <Filter>Source Files</Filter>
    </ClCompile>
    <ClCompile Include="libmpq\huffman.cpp">
      <Filter>Source Files</Filter>
    </ClCompile>
    <ClCompile Include="libmpq\mpq.cpp">
      <Filter>Source Files</Filter>
    </ClCompile>
    <ClCompile Include="mpq_libmpq.cpp">
      <Filter>Source Files</Filter>
    </ClCompile>
    <ClCompile Include="libmpq\parser.cpp">
      <Filter>Source Files</Filter>
    </ClCompile>
    <ClCompile Include="system.cpp">
      <Filter>Source Files</Filter>
    </ClCompile>
    <ClCompile Include="libmpq\wave.cpp">
      <Filter>Source Files</Filter>
    </ClCompile>
  </ItemGroup>
  <ItemGroup>
    <ClInclude Include="libmpq\common.h">
      <Filter>Header Files</Filter>
    </ClInclude>
    <ClInclude Include="dbcfile.h">
      <Filter>Header Files</Filter>
    </ClInclude>
    <ClInclude Include="libmpq\explode.h">
      <Filter>Header Files</Filter>
    </ClInclude>
    <ClInclude Include="libmpq\huffman.h">
      <Filter>Header Files</Filter>
    </ClInclude>
    <ClInclude Include="libmpq\mpq.h">
      <Filter>Header Files</Filter>
    </ClInclude>
    <ClInclude Include="mpq_libmpq.h">
      <Filter>Header Files</Filter>
    </ClInclude>
    <ClInclude Include="libmpq\wave.h">
      <Filter>Header Files</Filter>
    </ClInclude>
  </ItemGroup>
</Project>